schema: '2.0'
stages:
  ingestion:
    cmd: python src/ingestion.py
    deps:
    - path: data/raw/diabetes.csv
      hash: md5
      md5: f2906818eda8fcfc8f8416557ab1e6df
      size: 23873
    - path: src/ingestion.py
      hash: md5
      md5: d36865a784f941c44ff642883c7d0275
      size: 939
    outs:
    - path: data/interim/cleaned.csv
      hash: md5
      md5: 833ac065b12d539b2902bef500772e1c
      size: 28247
  feature_engineering:
    cmd: python src/feature_engineering.py
    deps:
    - path: data/interim/cleaned.csv
      hash: md5
      md5: 833ac065b12d539b2902bef500772e1c
      size: 28247
    - path: src/feature_engineering.py
      hash: md5
      md5: 5e897b8485b36519a81d752d998a4499
      size: 1788
    outs:
    - path: data/processed/engineered.csv
      hash: md5
      md5: 416cf224ec4a0d453e595c8752f9c6cf
      size: 124468
  data_splitting:
    cmd: python src/data_splitting.py
    deps:
    - path: data/processed/engineered.csv
      hash: md5
      md5: 416cf224ec4a0d453e595c8752f9c6cf
      size: 124468
    - path: params.yaml
      hash: md5
      md5: 5b57a7f038caa04d53cfedbcfe5d1805
      size: 656
    - path: src/data_splitting.py
      hash: md5
      md5: 2e927d9275d67a8595131c0d94b49bd0
      size: 1996
    outs:
    - path: data/processed/X_test.csv
      hash: md5
      md5: 7a67b119fbfa1d0547faeb72f4d4739e
      size: 31339
    - path: data/processed/X_train.csv
      hash: md5
      md5: 8cc7e84badfcfc2ed54242a30cbd362a
      size: 125109
    - path: data/processed/y_test.csv
      hash: md5
      md5: 50a175130081cc0c6c00e219df217700
      size: 609
    - path: data/processed/y_train.csv
      hash: md5
      md5: fe93a7670798bb47817272da266d6183
      size: 2409
  training:
    cmd: python src/train.py
    deps:
    - path: data/processed/X_train.csv
      hash: md5
      md5: 8cc7e84badfcfc2ed54242a30cbd362a
      size: 125109
    - path: data/processed/y_train.csv
      hash: md5
      md5: fe93a7670798bb47817272da266d6183
      size: 2409
    - path: params.yaml
      hash: md5
      md5: 5b57a7f038caa04d53cfedbcfe5d1805
      size: 656
    - path: src/train.py
      hash: md5
      md5: a03c1efa8822da23fc5285b4578dbc6e
      size: 5258
  evaluation:
    cmd: python src/evaluate.py
    deps:
    - path: data/processed/X_test.csv
      hash: md5
      md5: 7a67b119fbfa1d0547faeb72f4d4739e
      size: 31339
    - path: data/processed/y_test.csv
      hash: md5
      md5: 50a175130081cc0c6c00e219df217700
      size: 609
    - path: src/evaluate.py
      hash: md5
      md5: 22db32cc530dec13c9315de85e4195d3
      size: 3814
    outs:
    - path: reports/
      hash: md5
      md5: 02e22b7ad7e3e05a8b2e0e1487254282.dir
      size: 72841
      nfiles: 6
